
Microsoft Visual Studio Solution File, Format Version 11.00
# Visual Studio 2010
Project("{FAE04EC0-301F-11D3-BF4B-00C04F79EFBC}") = "SpidermonkeySharp", "SpidermonkeySharp.csproj", "{EC8F6B8E-A60B-4A40-8AB5-C8D5A8185CD1}"
EndProject
Project("{FAE04EC0-301F-11D3-BF4B-00C04F79EFBC}") = "Tests", "Tests.csproj", "{FDF7E69D-9711-4D4F-9C79-BFEC2BF4FA54}"
EndProject
Global
	GlobalSection(SolutionConfigurationPlatforms) = preSolution
		Debug|x86 = Debug|x86
		Release|x86 = Release|x86
	EndGlobalSection
	GlobalSection(ProjectConfigurationPlatforms) = postSolution
		{EC8F6B8E-A60B-4A40-8AB5-C8D5A8185CD1}.Debug|x86.ActiveCfg = Debug|x86
		{EC8F6B8E-A60B-4A40-8AB5-C8D5A8185CD1}.Debug|x86.Build.0 = Debug|x86
		{EC8F6B8E-A60B-4A40-8AB5-C8D5A8185CD1}.Release|x86.ActiveCfg = Release|x86
		{EC8F6B8E-A60B-4A40-8AB5-C8D5A8185CD1}.Release|x86.Build.0 = Release|x86
		{FDF7E69D-9711-4D4F-9C79-BFEC2BF4FA54}.Debug|x86.ActiveCfg = Debug|x86
		{FDF7E69D-9711-4D4F-9C79-BFEC2BF4FA54}.Debug|x86.Build.0 = Debug|x86
		{FDF7E69D-9711-4D4F-9C79-BFEC2BF4FA54}.Release|x86.ActiveCfg = Release|x86
		{FDF7E69D-9711-4D4F-9C79-BFEC2BF4FA54}.Release|x86.Build.0 = Release|x86
	EndGlobalSection
	GlobalSection(SolutionProperties) = preSolution
		HideSolutionNode = FALSE
	EndGlobalSection
EndGlobal
